
Microsoft Visual Studio Solution File, Format Version 12.00
# Visual Studio Version 17
VisualStudioVersion = 17.7.34031.279
MinimumVisualStudioVersion = 10.0.40219.1
Project("{FAE04EC0-301F-11D3-BF4B-00C04F79EFBC}") = "Calculation", "Calculation\Calculation.csproj", "{4AF24C12-E509-4229-9EC3-CC7F20763CF3}"
EndProject
Project("{FAE04EC0-301F-11D3-BF4B-00C04F79EFBC}") = "Calculation.Tests", "Calculation.Tests\Calculation.Tests.csproj", "{64C35AA5-C671-454D-ACE0-63CA3B432DB9}"
EndProject
Global
	GlobalSection(SolutionConfigurationPlatforms) = preSolution
		Debug|Any CPU = Debug|Any CPU
		Release|Any CPU = Release|Any CPU
	EndGlobalSection
	GlobalSection(ProjectConfigurationPlatforms) = postSolution
		{4AF24C12-E509-4229-9EC3-CC7F20763CF3}.Debug|Any CPU.ActiveCfg = Debug|Any CPU
		{4AF24C12-E509-4229-9EC3-CC7F20763CF3}.Debug|Any CPU.Build.0 = Debug|Any CPU
		{4AF24C12-E509-4229-9EC3-CC7F20763CF3}.Release|Any CPU.ActiveCfg = Release|Any CPU
		{4AF24C12-E509-4229-9EC3-CC7F20763CF3}.Release|Any CPU.Build.0 = Release|Any CPU
		{64C35AA5-C671-454D-ACE0-63CA3B432DB9}.Debug|Any CPU.ActiveCfg = Debug|Any CPU
		{64C35AA5-C671-454D-ACE0-63CA3B432DB9}.Debug|Any CPU.Build.0 = Debug|Any CPU
		{64C35AA5-C671-454D-ACE0-63CA3B432DB9}.Release|Any CPU.ActiveCfg = Release|Any CPU
		{64C35AA5-C671-454D-ACE0-63CA3B432DB9}.Release|Any CPU.Build.0 = Release|Any CPU
	EndGlobalSection
	GlobalSection(SolutionProperties) = preSolution
		HideSolutionNode = FALSE
	EndGlobalSection
	GlobalSection(ExtensibilityGlobals) = postSolution
		SolutionGuid = {6F42F63A-54AB-4E1A-AD3A-A5378A3A3E9C}
	EndGlobalSection
EndGlobal
